
Microsoft Visual Studio Solution File, Format Version 12.00
# Visual Studio 15
VisualStudioVersion = 15.0.26430.14
MinimumVisualStudioVersion = 10.0.40219.1
Project("{FAE04EC0-301F-11D3-BF4B-00C04F79EFBC}") = "Extender.Main", "Extender.Main\Extender.Main.csproj", "{F2C59152-99D0-459B-B421-C57701CAAD14}"
EndProject
Project("{FAE04EC0-301F-11D3-BF4B-00C04F79EFBC}") = "WinApiWrapper", "..\WinApiWrapperLibrary\WinApiWrapper\WinApiWrapper.csproj", "{0AAED0AB-DB45-4AC5-95DD-B7BF65EA0024}"
EndProject
Global
	GlobalSection(SolutionConfigurationPlatforms) = preSolution
		Debug|Any CPU = Debug|Any CPU
		Release|Any CPU = Release|Any CPU
	EndGlobalSection
	GlobalSection(ProjectConfigurationPlatforms) = postSolution
		{F2C59152-99D0-459B-B421-C57701CAAD14}.Debug|Any CPU.ActiveCfg = Debug|Any CPU
		{F2C59152-99D0-459B-B421-C57701CAAD14}.Debug|Any CPU.Build.0 = Debug|Any CPU
		{F2C59152-99D0-459B-B421-C57701CAAD14}.Release|Any CPU.ActiveCfg = Release|Any CPU
		{F2C59152-99D0-459B-B421-C57701CAAD14}.Release|Any CPU.Build.0 = Release|Any CPU
		{0AAED0AB-DB45-4AC5-95DD-B7BF65EA0024}.Debug|Any CPU.ActiveCfg = Debug|Any CPU
		{0AAED0AB-DB45-4AC5-95DD-B7BF65EA0024}.Debug|Any CPU.Build.0 = Debug|Any CPU
		{0AAED0AB-DB45-4AC5-95DD-B7BF65EA0024}.Release|Any CPU.ActiveCfg = Release|Any CPU
		{0AAED0AB-DB45-4AC5-95DD-B7BF65EA0024}.Release|Any CPU.Build.0 = Release|Any CPU
	EndGlobalSection
	GlobalSection(SolutionProperties) = preSolution
		HideSolutionNode = FALSE
	EndGlobalSection
EndGlobal
